
Microsoft Visual Studio Solution File, Format Version 12.00
# Visual Studio 15
VisualStudioVersion = 15.0.27703.2026
MinimumVisualStudioVersion = 10.0.40219.1
Project("{9A19103F-16F7-4668-BE54-9A1E7A4F7556}") = "DesignPatterns.Builder", "DesignPatterns.Builder\DesignPatterns.Builder.csproj", "{F5FCF236-0C6A-4194-B71A-5F11C54571E0}"
EndProject
Project("{2150E333-8FDC-42A3-9474-1A3956D46DE8}") = "Tests", "Tests", "{68050295-33D7-42B2-B93E-FBCF84E219B5}"
EndProject
Project("{9A19103F-16F7-4668-BE54-9A1E7A4F7556}") = "DesignPatterns.Builder.UnitTests", "DesignPatterns.Builder.UnitTests\DesignPatterns.Builder.UnitTests.csproj", "{EA9B3A12-CA61-4137-A1EC-33994D2CA548}"
EndProject
Project("{9A19103F-16F7-4668-BE54-9A1E7A4F7556}") = "DesignPatterns.FluentBuilder.UnitTests", "DesignPatterns.FluentBuilder.UnitTests\DesignPatterns.FluentBuilder.UnitTests.csproj", "{04FB30C5-2B49-4274-9E4F-F98753BED61F}"
EndProject
Project("{9A19103F-16F7-4668-BE54-9A1E7A4F7556}") = "DesignPatterns.FluentBuilder", "DesignPatterns.FluentBuilder\DesignPatterns.FluentBuilder.csproj", "{8FAA2EF0-DD16-473B-AA98-17A29699B2D3}"
EndProject
Project("{9A19103F-16F7-4668-BE54-9A1E7A4F7556}") = "DesignPatterns.FluentPizzaBuilder.UnitTests", "DesignPatterns.FluentPizzaBuilder.UnitTests\DesignPatterns.FluentPizzaBuilder.UnitTests.csproj", "{5EA73F92-322C-4D6D-AE02-4CAA8BAD41B0}"
EndProject
Project("{9A19103F-16F7-4668-BE54-9A1E7A4F7556}") = "DesignPatterns.FluentPizzaBuilder", "DesignPatterns.FluentPizzaBuilder\DesignPatterns.FluentPizzaBuilder.csproj", "{E187D9BC-E19C-4148-854E-885663FE5E27}"
EndProject
Project("{FAE04EC0-301F-11D3-BF4B-00C04F79EFBC}") = "DesignPatterns.PizzaRestaurant", "DesignPatterns.PizzaRestaurant\DesignPatterns.PizzaRestaurant.csproj", "{BE6BA09D-2F4A-4C75-ADDA-A49C9B8ECA92}"
EndProject
Global
	GlobalSection(SolutionConfigurationPlatforms) = preSolution
		Debug|Any CPU = Debug|Any CPU
		Release|Any CPU = Release|Any CPU
	EndGlobalSection
	GlobalSection(ProjectConfigurationPlatforms) = postSolution
		{F5FCF236-0C6A-4194-B71A-5F11C54571E0}.Debug|Any CPU.ActiveCfg = Debug|Any CPU
		{F5FCF236-0C6A-4194-B71A-5F11C54571E0}.Debug|Any CPU.Build.0 = Debug|Any CPU
		{F5FCF236-0C6A-4194-B71A-5F11C54571E0}.Release|Any CPU.ActiveCfg = Release|Any CPU
		{F5FCF236-0C6A-4194-B71A-5F11C54571E0}.Release|Any CPU.Build.0 = Release|Any CPU
		{EA9B3A12-CA61-4137-A1EC-33994D2CA548}.Debug|Any CPU.ActiveCfg = Debug|Any CPU
		{EA9B3A12-CA61-4137-A1EC-33994D2CA548}.Debug|Any CPU.Build.0 = Debug|Any CPU
		{EA9B3A12-CA61-4137-A1EC-33994D2CA548}.Release|Any CPU.ActiveCfg = Release|Any CPU
		{EA9B3A12-CA61-4137-A1EC-33994D2CA548}.Release|Any CPU.Build.0 = Release|Any CPU
		{04FB30C5-2B49-4274-9E4F-F98753BED61F}.Debug|Any CPU.ActiveCfg = Debug|Any CPU
		{04FB30C5-2B49-4274-9E4F-F98753BED61F}.Debug|Any CPU.Build.0 = Debug|Any CPU
		{04FB30C5-2B49-4274-9E4F-F98753BED61F}.Release|Any CPU.ActiveCfg = Release|Any CPU
		{04FB30C5-2B49-4274-9E4F-F98753BED61F}.Release|Any CPU.Build.0 = Release|Any CPU
		{8FAA2EF0-DD16-473B-AA98-17A29699B2D3}.Debug|Any CPU.ActiveCfg = Debug|Any CPU
		{8FAA2EF0-DD16-473B-AA98-17A29699B2D3}.Debug|Any CPU.Build.0 = Debug|Any CPU
		{8FAA2EF0-DD16-473B-AA98-17A29699B2D3}.Release|Any CPU.ActiveCfg = Release|Any CPU
		{8FAA2EF0-DD16-473B-AA98-17A29699B2D3}.Release|Any CPU.Build.0 = Release|Any CPU
		{5EA73F92-322C-4D6D-AE02-4CAA8BAD41B0}.Debug|Any CPU.ActiveCfg = Debug|Any CPU
		{5EA73F92-322C-4D6D-AE02-4CAA8BAD41B0}.Debug|Any CPU.Build.0 = Debug|Any CPU
		{5EA73F92-322C-4D6D-AE02-4CAA8BAD41B0}.Release|Any CPU.ActiveCfg = Release|Any CPU
		{5EA73F92-322C-4D6D-AE02-4CAA8BAD41B0}.Release|Any CPU.Build.0 = Release|Any CPU
		{E187D9BC-E19C-4148-854E-885663FE5E27}.Debug|Any CPU.ActiveCfg = Debug|Any CPU
		{E187D9BC-E19C-4148-854E-885663FE5E27}.Debug|Any CPU.Build.0 = Debug|Any CPU
		{E187D9BC-E19C-4148-854E-885663FE5E27}.Release|Any CPU.ActiveCfg = Release|Any CPU
		{E187D9BC-E19C-4148-854E-885663FE5E27}.Release|Any CPU.Build.0 = Release|Any CPU
		{BE6BA09D-2F4A-4C75-ADDA-A49C9B8ECA92}.Debug|Any CPU.ActiveCfg = Debug|Any CPU
		{BE6BA09D-2F4A-4C75-ADDA-A49C9B8ECA92}.Debug|Any CPU.Build.0 = Debug|Any CPU
		{BE6BA09D-2F4A-4C75-ADDA-A49C9B8ECA92}.Release|Any CPU.ActiveCfg = Release|Any CPU
		{BE6BA09D-2F4A-4C75-ADDA-A49C9B8ECA92}.Release|Any CPU.Build.0 = Release|Any CPU
	EndGlobalSection
	GlobalSection(SolutionProperties) = preSolution
		HideSolutionNode = FALSE
	EndGlobalSection
	GlobalSection(NestedProjects) = preSolution
		{EA9B3A12-CA61-4137-A1EC-33994D2CA548} = {68050295-33D7-42B2-B93E-FBCF84E219B5}
		{04FB30C5-2B49-4274-9E4F-F98753BED61F} = {68050295-33D7-42B2-B93E-FBCF84E219B5}
		{5EA73F92-322C-4D6D-AE02-4CAA8BAD41B0} = {68050295-33D7-42B2-B93E-FBCF84E219B5}
	EndGlobalSection
	GlobalSection(ExtensibilityGlobals) = postSolution
		SolutionGuid = {A161DBCF-44A5-4CB4-BE45-D061FEAA5DC8}
	EndGlobalSection
EndGlobal
